// !$*UTF8*$!
{
	archiveVersion = 1;
	classes = {
	};
	objectVersion = 46;
	objects = {

/* Begin PBXBuildFile section */
		2718E5BF1B70B2190083D487 /* StarredViewController.m in Sources */ = {isa = PBXBuildFile; fileRef = 2718E5BE1B70B2190083D487 /* StarredViewController.m */; };
		2718E5C51B70B2360083D487 /* SettingsViewController.m in Sources */ = {isa = PBXBuildFile; fileRef = 2718E5C41B70B2360083D487 /* SettingsViewController.m */; };
		2718E5C91B70C4050083D487 /* AllTableViewCell.m in Sources */ = {isa = PBXBuildFile; fileRef = 2718E5C81B70C4050083D487 /* AllTableViewCell.m */; };
		2718E5CC1B710DAC0083D487 /* EditViewController.m in Sources */ = {isa = PBXBuildFile; fileRef = 2718E5CB1B710DAC0083D487 /* EditViewController.m */; };
		2718E5CF1B710E460083D487 /* DetailViewController.m in Sources */ = {isa = PBXBuildFile; fileRef = 2718E5CE1B710E460083D487 /* DetailViewController.m */; };
		272574321BD4066B001CB44F /* TrashViewController.m in Sources */ = {isa = PBXBuildFile; fileRef = 272574311BD4066B001CB44F /* TrashViewController.m */; };
		272574351BD41CD3001CB44F /* Main.storyboard in Resources */ = {isa = PBXBuildFile; fileRef = 272574331BD41CD3001CB44F /* Main.storyboard */; };
		276280E11B75FA2B00A0D831 /* Icon-40.png in Resources */ = {isa = PBXBuildFile; fileRef = 276280BA1B75FA2B00A0D831 /* Icon-40.png */; };
		276280E21B75FA2B00A0D831 /* Icon-40@2x.png in Resources */ = {isa = PBXBuildFile; fileRef = 276280BB1B75FA2B00A0D831 /* Icon-40@2x.png */; };
		276280E31B75FA2B00A0D831 /* Icon-40@3x.png in Resources */ = {isa = PBXBuildFile; fileRef = 276280BC1B75FA2B00A0D831 /* Icon-40@3x.png */; };
		276280E41B75FA2B00A0D831 /* Icon-60@2x.png in Resources */ = {isa = PBXBuildFile; fileRef = 276280BD1B75FA2B00A0D831 /* Icon-60@2x.png */; };
		276280E51B75FA2B00A0D831 /* Icon-60@3x.png in Resources */ = {isa = PBXBuildFile; fileRef = 276280BE1B75FA2B00A0D831 /* Icon-60@3x.png */; };
		276280E61B75FA2B00A0D831 /* Icon-76.png in Resources */ = {isa = PBXBuildFile; fileRef = 276280BF1B75FA2B00A0D831 /* Icon-76.png */; };
		276280E71B75FA2B00A0D831 /* Icon-76@2x.png in Resources */ = {isa = PBXBuildFile; fileRef = 276280C01B75FA2B00A0D831 /* Icon-76@2x.png */; };
		276280E81B75FA2B00A0D831 /* Icon-Small.png in Resources */ = {isa = PBXBuildFile; fileRef = 276280C11B75FA2B00A0D831 /* Icon-Small.png */; };
		276280E91B75FA2B00A0D831 /* Icon-Small@2x.png in Resources */ = {isa = PBXBuildFile; fileRef = 276280C21B75FA2B00A0D831 /* Icon-Small@2x.png */; };
		276280EA1B75FA2B00A0D831 /* Icon-Small@3x.png in Resources */ = {isa = PBXBuildFile; fileRef = 276280C31B75FA2B00A0D831 /* Icon-Small@3x.png */; };
		276280EB1B75FA2B00A0D831 /* Icon-60.png in Resources */ = {isa = PBXBuildFile; fileRef = 276280C41B75FA2B00A0D831 /* Icon-60.png */; };
		276280EC1B75FA2B00A0D831 /* Icon-72.png in Resources */ = {isa = PBXBuildFile; fileRef = 276280C51B75FA2B00A0D831 /* Icon-72.png */; };
		276280ED1B75FA2B00A0D831 /* Icon-72@2x.png in Resources */ = {isa = PBXBuildFile; fileRef = 276280C61B75FA2B00A0D831 /* Icon-72@2x.png */; };
		276280EE1B75FA2B00A0D831 /* Icon-Small-50.png in Resources */ = {isa = PBXBuildFile; fileRef = 276280C71B75FA2B00A0D831 /* Icon-Small-50.png */; };
		276280EF1B75FA2B00A0D831 /* Icon-Small-50@2x.png in Resources */ = {isa = PBXBuildFile; fileRef = 276280C81B75FA2B00A0D831 /* Icon-Small-50@2x.png */; };
		276280F01B75FA2B00A0D831 /* Icon.png in Resources */ = {isa = PBXBuildFile; fileRef = 276280C91B75FA2B00A0D831 /* Icon.png */; };
		276280F11B75FA2B00A0D831 /* Icon@2x.png in Resources */ = {isa = PBXBuildFile; fileRef = 276280CA1B75FA2B00A0D831 /* Icon@2x.png */; };
		276280F21B75FA2B00A0D831 /* iTunesArtwork.png in Resources */ = {isa = PBXBuildFile; fileRef = 276280CB1B75FA2B00A0D831 /* iTunesArtwork.png */; };
		276280F31B75FA2B00A0D831 /* iTunesArtwork@2x.png in Resources */ = {isa = PBXBuildFile; fileRef = 276280CC1B75FA2B00A0D831 /* iTunesArtwork@2x.png */; };
		276280F61B75FA2B00A0D831 /* Icon-24@2x.png in Resources */ = {isa = PBXBuildFile; fileRef = 276280D11B75FA2B00A0D831 /* Icon-24@2x.png */; };
		276280F71B75FA2B00A0D831 /* Icon-27.5@2x.png in Resources */ = {isa = PBXBuildFile; fileRef = 276280D21B75FA2B00A0D831 /* Icon-27.5@2x.png */; };
		276280F81B75FA2B00A0D831 /* Icon-29@2x.png in Resources */ = {isa = PBXBuildFile; fileRef = 276280D31B75FA2B00A0D831 /* Icon-29@2x.png */; };
		276280F91B75FA2B00A0D831 /* Icon-29@3x.png in Resources */ = {isa = PBXBuildFile; fileRef = 276280D41B75FA2B00A0D831 /* Icon-29@3x.png */; };
		276280FB1B75FA2B00A0D831 /* Icon-44@2x.png in Resources */ = {isa = PBXBuildFile; fileRef = 276280D61B75FA2B00A0D831 /* Icon-44@2x.png */; };
		276280FC1B75FA2B00A0D831 /* Icon-86@2x.png in Resources */ = {isa = PBXBuildFile; fileRef = 276280D71B75FA2B00A0D831 /* Icon-86@2x.png */; };
		276280FD1B75FA2B00A0D831 /* Icon-98@2x.png in Resources */ = {isa = PBXBuildFile; fileRef = 276280D81B75FA2B00A0D831 /* Icon-98@2x.png */; };
		276281101B76053400A0D831 /* 4s_01.png in Resources */ = {isa = PBXBuildFile; fileRef = 276280FF1B76053400A0D831 /* 4s_01.png */; };
		276281111B76053400A0D831 /* 4s_02.png in Resources */ = {isa = PBXBuildFile; fileRef = 276281001B76053400A0D831 /* 4s_02.png */; };
		276281121B76053400A0D831 /* 4s_03.png in Resources */ = {isa = PBXBuildFile; fileRef = 276281011B76053400A0D831 /* 4s_03.png */; };
		276281131B76053400A0D831 /* 4s_04.png in Resources */ = {isa = PBXBuildFile; fileRef = 276281021B76053400A0D831 /* 4s_04.png */; };
		276281141B76053400A0D831 /* 5_01.png in Resources */ = {isa = PBXBuildFile; fileRef = 276281031B76053400A0D831 /* 5_01.png */; };
		276281151B76053400A0D831 /* 5_02.png in Resources */ = {isa = PBXBuildFile; fileRef = 276281041B76053400A0D831 /* 5_02.png */; };
		276281161B76053400A0D831 /* 5_03.png in Resources */ = {isa = PBXBuildFile; fileRef = 276281051B76053400A0D831 /* 5_03.png */; };
		276281171B76053400A0D831 /* 5_04.png in Resources */ = {isa = PBXBuildFile; fileRef = 276281061B76053400A0D831 /* 5_04.png */; };
		276281181B76053400A0D831 /* 6+_01.png in Resources */ = {isa = PBXBuildFile; fileRef = 276281071B76053400A0D831 /* 6+_01.png */; };
		276281191B76053400A0D831 /* 6+_02.png in Resources */ = {isa = PBXBuildFile; fileRef = 276281081B76053400A0D831 /* 6+_02.png */; };
		2762811A1B76053400A0D831 /* 6+_04.png in Resources */ = {isa = PBXBuildFile; fileRef = 276281091B76053400A0D831 /* 6+_04.png */; };
		2762811B1B76053400A0D831 /* 6+_3.png in Resources */ = {isa = PBXBuildFile; fileRef = 2762810A1B76053400A0D831 /* 6+_3.png */; };
		2762811C1B76053400A0D831 /* 6_01.png in Resources */ = {isa = PBXBuildFile; fileRef = 2762810B1B76053400A0D831 /* 6_01.png */; };
		2762811D1B76053400A0D831 /* 6_02.png in Resources */ = {isa = PBXBuildFile; fileRef = 2762810C1B76053400A0D831 /* 6_02.png */; };
		2762811E1B76053400A0D831 /* 6_03.png in Resources */ = {isa = PBXBuildFile; fileRef = 2762810D1B76053400A0D831 /* 6_03.png */; };
		2762811F1B76053400A0D831 /* 6_04.png in Resources */ = {isa = PBXBuildFile; fileRef = 2762810E1B76053400A0D831 /* 6_04.png */; };
		276281201B76053400A0D831 /* iPad.png in Resources */ = {isa = PBXBuildFile; fileRef = 2762810F1B76053400A0D831 /* iPad.png */; };
		27635E501B85AE9A003FD8AA /* iPad_01.png in Resources */ = {isa = PBXBuildFile; fileRef = 27635E4D1B85AE9A003FD8AA /* iPad_01.png */; };
		27635E511B85AE9A003FD8AA /* iPad_02.png in Resources */ = {isa = PBXBuildFile; fileRef = 27635E4E1B85AE9A003FD8AA /* iPad_02.png */; };
		27635E521B85AE9A003FD8AA /* iPad_03.png in Resources */ = {isa = PBXBuildFile; fileRef = 27635E4F1B85AE9A003FD8AA /* iPad_03.png */; };
		27635E551B85B259003FD8AA /* BOParseManager.m in Sources */ = {isa = PBXBuildFile; fileRef = 27635E541B85B259003FD8AA /* BOParseManager.m */; };
		276764341C53676500DDADA1 /* BaseTextViewController.m in Sources */ = {isa = PBXBuildFile; fileRef = 276764331C53676500DDADA1 /* BaseTextViewController.m */; };
		276764371C53B86500DDADA1 /* ChatPhotoTableViewCell.m in Sources */ = {isa = PBXBuildFile; fileRef = 276764361C53B86500DDADA1 /* ChatPhotoTableViewCell.m */; };
		2767643A1C53B87700DDADA1 /* ChatTableViewCell.m in Sources */ = {isa = PBXBuildFile; fileRef = 276764391C53B87700DDADA1 /* ChatTableViewCell.m */; };
		27A446B91BDCCF9D00D796FB /* 3.5-inch (iPhone 4) - Screenshot 1.jpg in Resources */ = {isa = PBXBuildFile; fileRef = 27A446AA1BDCCF9C00D796FB /* 3.5-inch (iPhone 4) - Screenshot 1.jpg */; };
		27A446BA1BDCCF9D00D796FB /* 3.5-inch (iPhone 4) - Screenshot 2.jpg in Resources */ = {isa = PBXBuildFile; fileRef = 27A446AB1BDCCF9C00D796FB /* 3.5-inch (iPhone 4) - Screenshot 2.jpg */; };
		27A446BB1BDCCF9D00D796FB /* 3.5-inch (iPhone 4) - Screenshot 3.jpg in Resources */ = {isa = PBXBuildFile; fileRef = 27A446AC1BDCCF9C00D796FB /* 3.5-inch (iPhone 4) - Screenshot 3.jpg */; };
		27A446BC1BDCCF9D00D796FB /* 4-inch (iPhone 5) - Screenshot 1.jpg in Resources */ = {isa = PBXBuildFile; fileRef = 27A446AD1BDCCF9C00D796FB /* 4-inch (iPhone 5) - Screenshot 1.jpg */; };
		27A446BD1BDCCF9D00D796FB /* 4-inch (iPhone 5) - Screenshot 2.jpg in Resources */ = {isa = PBXBuildFile; fileRef = 27A446AE1BDCCF9C00D796FB /* 4-inch (iPhone 5) - Screenshot 2.jpg */; };
		27A446BE1BDCCF9D00D796FB /* 4-inch (iPhone 5) - Screenshot 3.jpg in Resources */ = {isa = PBXBuildFile; fileRef = 27A446AF1BDCCF9C00D796FB /* 4-inch (iPhone 5) - Screenshot 3.jpg */; };
		27A446BF1BDCCF9D00D796FB /* 4.7-inch (iPhone 6) - Screenshot 1.jpg in Resources */ = {isa = PBXBuildFile; fileRef = 27A446B01BDCCF9C00D796FB /* 4.7-inch (iPhone 6) - Screenshot 1.jpg */; };
		27A446C01BDCCF9D00D796FB /* 4.7-inch (iPhone 6) - Screenshot 2.jpg in Resources */ = {isa = PBXBuildFile; fileRef = 27A446B11BDCCF9C00D796FB /* 4.7-inch (iPhone 6) - Screenshot 2.jpg */; };
		27A446C11BDCCF9D00D796FB /* 4.7-inch (iPhone 6) - Screenshot 3.jpg in Resources */ = {isa = PBXBuildFile; fileRef = 27A446B21BDCCF9C00D796FB /* 4.7-inch (iPhone 6) - Screenshot 3.jpg */; };
		27A446C21BDCCF9D00D796FB /* 5.5-inch (iPhone 6+) - Screenshot 1.jpg in Resources */ = {isa = PBXBuildFile; fileRef = 27A446B31BDCCF9C00D796FB /* 5.5-inch (iPhone 6+) - Screenshot 1.jpg */; };
		27A446C31BDCCF9D00D796FB /* 5.5-inch (iPhone 6+) - Screenshot 2.jpg in Resources */ = {isa = PBXBuildFile; fileRef = 27A446B41BDCCF9C00D796FB /* 5.5-inch (iPhone 6+) - Screenshot 2.jpg */; };
		27A446C41BDCCF9D00D796FB /* 5.5-inch (iPhone 6+) - Screenshot 3.jpg in Resources */ = {isa = PBXBuildFile; fileRef = 27A446B51BDCCF9C00D796FB /* 5.5-inch (iPhone 6+) - Screenshot 3.jpg */; };
		27A446C51BDCCF9D00D796FB /* 9.7-inch (iPad) - Screenshot 1.jpg in Resources */ = {isa = PBXBuildFile; fileRef = 27A446B61BDCCF9C00D796FB /* 9.7-inch (iPad) - Screenshot 1.jpg */; };
		27A446C61BDCCF9D00D796FB /* 9.7-inch (iPad) - Screenshot 2.jpg in Resources */ = {isa = PBXBuildFile; fileRef = 27A446B71BDCCF9D00D796FB /* 9.7-inch (iPad) - Screenshot 2.jpg */; };
		27A446C71BDCCF9D00D796FB /* 9.7-inch (iPad) - Screenshot 3.jpg in Resources */ = {isa = PBXBuildFile; fileRef = 27A446B81BDCCF9D00D796FB /* 9.7-inch (iPad) - Screenshot 3.jpg */; };
		27B946FB1C51434300298923 /* FriendViewController.m in Sources */ = {isa = PBXBuildFile; fileRef = 27B946FA1C51434300298923 /* FriendViewController.m */; };
		27B947011C520DEE00298923 /* FriendTableViewCell.m in Sources */ = {isa = PBXBuildFile; fileRef = 27B947001C520DEE00298923 /* FriendTableViewCell.m */; };
		27D110FE1B73359C003D3F8E /* CustomRFToolbarButton.m in Sources */ = {isa = PBXBuildFile; fileRef = 27D110FD1B73359C003D3F8E /* CustomRFToolbarButton.m */; };
		27D111041B734701003D3F8E /* PhotoAllTableViewCell.m in Sources */ = {isa = PBXBuildFile; fileRef = 27D111031B734701003D3F8E /* PhotoAllTableViewCell.m */; };
		27D1110A1B73BE1F003D3F8E /* PdfViewController.m in Sources */ = {isa = PBXBuildFile; fileRef = 27D111091B73BE1F003D3F8E /* PdfViewController.m */; };
		27D111191B749EF3003D3F8E /* AboutViewController.m in Sources */ = {isa = PBXBuildFile; fileRef = 27D111181B749EF3003D3F8E /* AboutViewController.m */; };
		27D111221B74B107003D3F8E /* MarkViewController.m in Sources */ = {isa = PBXBuildFile; fileRef = 27D111211B74B107003D3F8E /* MarkViewController.m */; };
		27D111241B74B544003D3F8E /* License.txt in Resources */ = {isa = PBXBuildFile; fileRef = 27D111231B74B544003D3F8E /* License.txt */; };
		27D111261B74B616003D3F8E /* markdown.txt in Resources */ = {isa = PBXBuildFile; fileRef = 27D111251B74B616003D3F8E /* markdown.txt */; };
		27E303AC1C4C03DE007B78DC /* MainViewController.m in Sources */ = {isa = PBXBuildFile; fileRef = 27E303AB1C4C03DE007B78DC /* MainViewController.m */; };
		27E303AF1C4C0692007B78DC /* MenuViewController.m in Sources */ = {isa = PBXBuildFile; fileRef = 27E303AE1C4C0692007B78DC /* MenuViewController.m */; };
		27E303B21C4C0CE5007B78DC /* ChatsViewController.m in Sources */ = {isa = PBXBuildFile; fileRef = 27E303B11C4C0CE5007B78DC /* ChatsViewController.m */; };
		27E303B81C4C116D007B78DC /* BaseViewController.m in Sources */ = {isa = PBXBuildFile; fileRef = 27E303B71C4C116D007B78DC /* BaseViewController.m */; };
		27E303BB1C4D0F4C007B78DC /* UserViewController.m in Sources */ = {isa = PBXBuildFile; fileRef = 27E303BA1C4D0F4C007B78DC /* UserViewController.m */; };
		27E4FCE71B67A8E5005CE9EB /* AppDelegate.m in Sources */ = {isa = PBXBuildFile; fileRef = 27E4FCE21B67A8E5005CE9EB /* AppDelegate.m */; };
		27E4FCF91B67B669005CE9EB /* BOConst.m in Sources */ = {isa = PBXBuildFile; fileRef = 27E4FCF81B67B669005CE9EB /* BOConst.m */; };
		27E4FCFC1B67E859005CE9EB /* BOUtility.m in Sources */ = {isa = PBXBuildFile; fileRef = 27E4FCFB1B67E859005CE9EB /* BOUtility.m */; };
		27E4FCFF1B67EB63005CE9EB /* ComposeViewController.m in Sources */ = {isa = PBXBuildFile; fileRef = 27E4FCFE1B67EB63005CE9EB /* ComposeViewController.m */; };
		27E4FD021B67F258005CE9EB /* PreviewViewController.m in Sources */ = {isa = PBXBuildFile; fileRef = 27E4FD011B67F258005CE9EB /* PreviewViewController.m */; };
		27E4FD041B67F665005CE9EB /* github-markdown.css in Resources */ = {isa = PBXBuildFile; fileRef = 27E4FD031B67F665005CE9EB /* github-markdown.css */; };
		27E4FD0A1B68D584005CE9EB /* Note.m in Sources */ = {isa = PBXBuildFile; fileRef = 27E4FD091B68D584005CE9EB /* Note.m */; };
		27E4FD0D1B68D785005CE9EB /* NoteManager.m in Sources */ = {isa = PBXBuildFile; fileRef = 27E4FD0C1B68D785005CE9EB /* NoteManager.m */; };
		27E4FD101B68F63C005CE9EB /* AllViewController.m in Sources */ = {isa = PBXBuildFile; fileRef = 27E4FD0F1B68F63C005CE9EB /* AllViewController.m */; };
		27ED34F91B67934100C86498 /* main.m in Sources */ = {isa = PBXBuildFile; fileRef = 27ED34F81B67934100C86498 /* main.m */; };
		27ED35041B67934100C86498 /* Images.xcassets in Resources */ = {isa = PBXBuildFile; fileRef = 27ED35031B67934100C86498 /* Images.xcassets */; };
		27ED35071B67934100C86498 /* LaunchScreen.xib in Resources */ = {isa = PBXBuildFile; fileRef = 27ED35051B67934100C86498 /* LaunchScreen.xib */; };
		2AC9DFDA13AE7D7636805364 /* libPods-BeauteousTests.a in Frameworks */ = {isa = PBXBuildFile; fileRef = 982A9DF6E1B2555E393E88B7 /* libPods-BeauteousTests.a */; };
		86409ED818DE99F84F25EF5B /* libPods.a in Frameworks */ = {isa = PBXBuildFile; fileRef = E2FC7ABED3DAE85467E57A32 /* libPods.a */; };
/* End PBXBuildFile section */

/* Begin PBXContainerItemProxy section */
		27ED350D1B67934100C86498 /* PBXContainerItemProxy */ = {
			isa = PBXContainerItemProxy;
			containerPortal = 27ED34EB1B67934100C86498 /* Project object */;
			proxyType = 1;
			remoteGlobalIDString = 27ED34F21B67934100C86498;
			remoteInfo = Beauteous;
		};
/* End PBXContainerItemProxy section */

/* Begin PBXFileReference section */
		215CE886FBFF839F6E314373 /* Pods.debug.xcconfig */ = {isa = PBXFileReference; includeInIndex = 1; lastKnownFileType = text.xcconfig; name = Pods.debug.xcconfig; path = "Pods/Target Support Files/Pods/Pods.debug.xcconfig"; sourceTree = "<group>"; };
		2718E5BD1B70B2190083D487 /* StarredViewController.h */ = {isa = PBXFileReference; fileEncoding = 4; lastKnownFileType = sourcecode.c.h; path = StarredViewController.h; sourceTree = "<group>"; };
		2718E5BE1B70B2190083D487 /* StarredViewController.m */ = {isa = PBXFileReference; fileEncoding = 4; lastKnownFileType = sourcecode.c.objc; path = StarredViewController.m; sourceTree = "<group>"; };
		2718E5C31B70B2360083D487 /* SettingsViewController.h */ = {isa = PBXFileReference; fileEncoding = 4; lastKnownFileType = sourcecode.c.h; path = SettingsViewController.h; sourceTree = "<group>"; };
		2718E5C41B70B2360083D487 /* SettingsViewController.m */ = {isa = PBXFileReference; fileEncoding = 4; lastKnownFileType = sourcecode.c.objc; path = SettingsViewController.m; sourceTree = "<group>"; };
		2718E5C71B70C4050083D487 /* AllTableViewCell.h */ = {isa = PBXFileReference; fileEncoding = 4; lastKnownFileType = sourcecode.c.h; path = AllTableViewCell.h; sourceTree = "<group>"; };
		2718E5C81B70C4050083D487 /* AllTableViewCell.m */ = {isa = PBXFileReference; fileEncoding = 4; lastKnownFileType = sourcecode.c.objc; path = AllTableViewCell.m; sourceTree = "<group>"; };
		2718E5CA1B710DAC0083D487 /* EditViewController.h */ = {isa = PBXFileReference; fileEncoding = 4; lastKnownFileType = sourcecode.c.h; path = EditViewController.h; sourceTree = "<group>"; };
		2718E5CB1B710DAC0083D487 /* EditViewController.m */ = {isa = PBXFileReference; fileEncoding = 4; lastKnownFileType = sourcecode.c.objc; path = EditViewController.m; sourceTree = "<group>"; };
		2718E5CD1B710E460083D487 /* DetailViewController.h */ = {isa = PBXFileReference; fileEncoding = 4; lastKnownFileType = sourcecode.c.h; path = DetailViewController.h; sourceTree = "<group>"; };
		2718E5CE1B710E460083D487 /* DetailViewController.m */ = {isa = PBXFileReference; fileEncoding = 4; lastKnownFileType = sourcecode.c.objc; path = DetailViewController.m; sourceTree = "<group>"; };
		272574301BD4066B001CB44F /* TrashViewController.h */ = {isa = PBXFileReference; fileEncoding = 4; lastKnownFileType = sourcecode.c.h; path = TrashViewController.h; sourceTree = "<group>"; };
		272574311BD4066B001CB44F /* TrashViewController.m */ = {isa = PBXFileReference; fileEncoding = 4; lastKnownFileType = sourcecode.c.objc; path = TrashViewController.m; sourceTree = "<group>"; };
		272574341BD41CD3001CB44F /* Base */ = {isa = PBXFileReference; lastKnownFileType = file.storyboard; name = Base; path = Base.lproj/Main.storyboard; sourceTree = "<group>"; };
		276280BA1B75FA2B00A0D831 /* Icon-40.png */ = {isa = PBXFileReference; lastKnownFileType = image.png; path = "Icon-40.png"; sourceTree = "<group>"; };
		276280BB1B75FA2B00A0D831 /* Icon-40@2x.png */ = {isa = PBXFileReference; lastKnownFileType = image.png; path = "Icon-40@2x.png"; sourceTree = "<group>"; };
		276280BC1B75FA2B00A0D831 /* Icon-40@3x.png */ = {isa = PBXFileReference; lastKnownFileType = image.png; path = "Icon-40@3x.png"; sourceTree = "<group>"; };
		276280BD1B75FA2B00A0D831 /* Icon-60@2x.png */ = {isa = PBXFileReference; lastKnownFileType = image.png; path = "Icon-60@2x.png"; sourceTree = "<group>"; };
		276280BE1B75FA2B00A0D831 /* Icon-60@3x.png */ = {isa = PBXFileReference; lastKnownFileType = image.png; path = "Icon-60@3x.png"; sourceTree = "<group>"; };
		276280BF1B75FA2B00A0D831 /* Icon-76.png */ = {isa = PBXFileReference; lastKnownFileType = image.png; path = "Icon-76.png"; sourceTree = "<group>"; };
		276280C01B75FA2B00A0D831 /* Icon-76@2x.png */ = {isa = PBXFileReference; lastKnownFileType = image.png; path = "Icon-76@2x.png"; sourceTree = "<group>"; };
		276280C11B75FA2B00A0D831 /* Icon-Small.png */ = {isa = PBXFileReference; lastKnownFileType = image.png; path = "Icon-Small.png"; sourceTree = "<group>"; };
		276280C21B75FA2B00A0D831 /* Icon-Small@2x.png */ = {isa = PBXFileReference; lastKnownFileType = image.png; path = "Icon-Small@2x.png"; sourceTree = "<group>"; };
		276280C31B75FA2B00A0D831 /* Icon-Small@3x.png */ = {isa = PBXFileReference; lastKnownFileType = image.png; path = "Icon-Small@3x.png"; sourceTree = "<group>"; };
		276280C41B75FA2B00A0D831 /* Icon-60.png */ = {isa = PBXFileReference; lastKnownFileType = image.png; path = "Icon-60.png"; sourceTree = "<group>"; };
		276280C51B75FA2B00A0D831 /* Icon-72.png */ = {isa = PBXFileReference; lastKnownFileType = image.png; path = "Icon-72.png"; sourceTree = "<group>"; };
		276280C61B75FA2B00A0D831 /* Icon-72@2x.png */ = {isa = PBXFileReference; lastKnownFileType = image.png; path = "Icon-72@2x.png"; sourceTree = "<group>"; };
		276280C71B75FA2B00A0D831 /* Icon-Small-50.png */ = {isa = PBXFileReference; lastKnownFileType = image.png; path = "Icon-Small-50.png"; sourceTree = "<group>"; };
		276280C81B75FA2B00A0D831 /* Icon-Small-50@2x.png */ = {isa = PBXFileReference; lastKnownFileType = image.png; path = "Icon-Small-50@2x.png"; sourceTree = "<group>"; };
		276280C91B75FA2B00A0D831 /* Icon.png */ = {isa = PBXFileReference; lastKnownFileType = image.png; path = Icon.png; sourceTree = "<group>"; };
		276280CA1B75FA2B00A0D831 /* Icon@2x.png */ = {isa = PBXFileReference; lastKnownFileType = image.png; path = "Icon@2x.png"; sourceTree = "<group>"; };
		276280CB1B75FA2B00A0D831 /* iTunesArtwork.png */ = {isa = PBXFileReference; lastKnownFileType = image.png; path = iTunesArtwork.png; sourceTree = "<group>"; };
		276280CC1B75FA2B00A0D831 /* iTunesArtwork@2x.png */ = {isa = PBXFileReference; lastKnownFileType = image.png; path = "iTunesArtwork@2x.png"; sourceTree = "<group>"; };
		276280D11B75FA2B00A0D831 /* Icon-24@2x.png */ = {isa = PBXFileReference; lastKnownFileType = image.png; path = "Icon-24@2x.png"; sourceTree = "<group>"; };
		276280D21B75FA2B00A0D831 /* Icon-27.5@2x.png */ = {isa = PBXFileReference; lastKnownFileType = image.png; path = "Icon-27.5@2x.png"; sourceTree = "<group>"; };
		276280D31B75FA2B00A0D831 /* Icon-29@2x.png */ = {isa = PBXFileReference; lastKnownFileType = image.png; path = "Icon-29@2x.png"; sourceTree = "<group>"; };
		276280D41B75FA2B00A0D831 /* Icon-29@3x.png */ = {isa = PBXFileReference; lastKnownFileType = image.png; path = "Icon-29@3x.png"; sourceTree = "<group>"; };
		276280D61B75FA2B00A0D831 /* Icon-44@2x.png */ = {isa = PBXFileReference; lastKnownFileType = image.png; path = "Icon-44@2x.png"; sourceTree = "<group>"; };
		276280D71B75FA2B00A0D831 /* Icon-86@2x.png */ = {isa = PBXFileReference; lastKnownFileType = image.png; path = "Icon-86@2x.png"; sourceTree = "<group>"; };
		276280D81B75FA2B00A0D831 /* Icon-98@2x.png */ = {isa = PBXFileReference; lastKnownFileType = image.png; path = "Icon-98@2x.png"; sourceTree = "<group>"; };
		276280FF1B76053400A0D831 /* 4s_01.png */ = {isa = PBXFileReference; lastKnownFileType = image.png; path = 4s_01.png; sourceTree = "<group>"; };
		276281001B76053400A0D831 /* 4s_02.png */ = {isa = PBXFileReference; lastKnownFileType = image.png; path = 4s_02.png; sourceTree = "<group>"; };
		276281011B76053400A0D831 /* 4s_03.png */ = {isa = PBXFileReference; lastKnownFileType = image.png; path = 4s_03.png; sourceTree = "<group>"; };
		276281021B76053400A0D831 /* 4s_04.png */ = {isa = PBXFileReference; lastKnownFileType = image.png; path = 4s_04.png; sourceTree = "<group>"; };
		276281031B76053400A0D831 /* 5_01.png */ = {isa = PBXFileReference; lastKnownFileType = image.png; path = 5_01.png; sourceTree = "<group>"; };
		276281041B76053400A0D831 /* 5_02.png */ = {isa = PBXFileReference; lastKnownFileType = image.png; path = 5_02.png; sourceTree = "<group>"; };
		276281051B76053400A0D831 /* 5_03.png */ = {isa = PBXFileReference; lastKnownFileType = image.png; path = 5_03.png; sourceTree = "<group>"; };
		276281061B76053400A0D831 /* 5_04.png */ = {isa = PBXFileReference; lastKnownFileType = image.png; path = 5_04.png; sourceTree = "<group>"; };
		276281071B76053400A0D831 /* 6+_01.png */ = {isa = PBXFileReference; lastKnownFileType = image.png; path = "6+_01.png"; sourceTree = "<group>"; };
		276281081B76053400A0D831 /* 6+_02.png */ = {isa = PBXFileReference; lastKnownFileType = image.png; path = "6+_02.png"; sourceTree = "<group>"; };
		276281091B76053400A0D831 /* 6+_04.png */ = {isa = PBXFileReference; lastKnownFileType = image.png; path = "6+_04.png"; sourceTree = "<group>"; };
		2762810A1B76053400A0D831 /* 6+_3.png */ = {isa = PBXFileReference; lastKnownFileType = image.png; path = "6+_3.png"; sourceTree = "<group>"; };
		2762810B1B76053400A0D831 /* 6_01.png */ = {isa = PBXFileReference; lastKnownFileType = image.png; path = 6_01.png; sourceTree = "<group>"; };
		2762810C1B76053400A0D831 /* 6_02.png */ = {isa = PBXFileReference; lastKnownFileType = image.png; path = 6_02.png; sourceTree = "<group>"; };
		2762810D1B76053400A0D831 /* 6_03.png */ = {isa = PBXFileReference; lastKnownFileType = image.png; path = 6_03.png; sourceTree = "<group>"; };
		2762810E1B76053400A0D831 /* 6_04.png */ = {isa = PBXFileReference; lastKnownFileType = image.png; path = 6_04.png; sourceTree = "<group>"; };
		2762810F1B76053400A0D831 /* iPad.png */ = {isa = PBXFileReference; lastKnownFileType = image.png; path = iPad.png; sourceTree = "<group>"; };
		27635E4D1B85AE9A003FD8AA /* iPad_01.png */ = {isa = PBXFileReference; lastKnownFileType = image.png; path = iPad_01.png; sourceTree = "<group>"; };
		27635E4E1B85AE9A003FD8AA /* iPad_02.png */ = {isa = PBXFileReference; lastKnownFileType = image.png; path = iPad_02.png; sourceTree = "<group>"; };
		27635E4F1B85AE9A003FD8AA /* iPad_03.png */ = {isa = PBXFileReference; lastKnownFileType = image.png; path = iPad_03.png; sourceTree = "<group>"; };
		27635E531B85B259003FD8AA /* BOParseManager.h */ = {isa = PBXFileReference; fileEncoding = 4; lastKnownFileType = sourcecode.c.h; path = BOParseManager.h; sourceTree = "<group>"; };
		27635E541B85B259003FD8AA /* BOParseManager.m */ = {isa = PBXFileReference; fileEncoding = 4; lastKnownFileType = sourcecode.c.objc; path = BOParseManager.m; sourceTree = "<group>"; };
		276764321C53676500DDADA1 /* BaseTextViewController.h */ = {isa = PBXFileReference; fileEncoding = 4; lastKnownFileType = sourcecode.c.h; path = BaseTextViewController.h; sourceTree = "<group>"; };
		276764331C53676500DDADA1 /* BaseTextViewController.m */ = {isa = PBXFileReference; fileEncoding = 4; lastKnownFileType = sourcecode.c.objc; path = BaseTextViewController.m; sourceTree = "<group>"; };
		276764351C53B86500DDADA1 /* ChatPhotoTableViewCell.h */ = {isa = PBXFileReference; fileEncoding = 4; lastKnownFileType = sourcecode.c.h; path = ChatPhotoTableViewCell.h; sourceTree = "<group>"; };
		276764361C53B86500DDADA1 /* ChatPhotoTableViewCell.m */ = {isa = PBXFileReference; fileEncoding = 4; lastKnownFileType = sourcecode.c.objc; path = ChatPhotoTableViewCell.m; sourceTree = "<group>"; };
		276764381C53B87700DDADA1 /* ChatTableViewCell.h */ = {isa = PBXFileReference; fileEncoding = 4; lastKnownFileType = sourcecode.c.h; path = ChatTableViewCell.h; sourceTree = "<group>"; };
		276764391C53B87700DDADA1 /* ChatTableViewCell.m */ = {isa = PBXFileReference; fileEncoding = 4; lastKnownFileType = sourcecode.c.objc; path = ChatTableViewCell.m; sourceTree = "<group>"; };
		27A446AA1BDCCF9C00D796FB /* 3.5-inch (iPhone 4) - Screenshot 1.jpg */ = {isa = PBXFileReference; lastKnownFileType = image.jpeg; path = "3.5-inch (iPhone 4) - Screenshot 1.jpg"; sourceTree = "<group>"; };
		27A446AB1BDCCF9C00D796FB /* 3.5-inch (iPhone 4) - Screenshot 2.jpg */ = {isa = PBXFileReference; lastKnownFileType = image.jpeg; path = "3.5-inch (iPhone 4) - Screenshot 2.jpg"; sourceTree = "<group>"; };
		27A446AC1BDCCF9C00D796FB /* 3.5-inch (iPhone 4) - Screenshot 3.jpg */ = {isa = PBXFileReference; lastKnownFileType = image.jpeg; path = "3.5-inch (iPhone 4) - Screenshot 3.jpg"; sourceTree = "<group>"; };
		27A446AD1BDCCF9C00D796FB /* 4-inch (iPhone 5) - Screenshot 1.jpg */ = {isa = PBXFileReference; lastKnownFileType = image.jpeg; path = "4-inch (iPhone 5) - Screenshot 1.jpg"; sourceTree = "<group>"; };
		27A446AE1BDCCF9C00D796FB /* 4-inch (iPhone 5) - Screenshot 2.jpg */ = {isa = PBXFileReference; lastKnownFileType = image.jpeg; path = "4-inch (iPhone 5) - Screenshot 2.jpg"; sourceTree = "<group>"; };
		27A446AF1BDCCF9C00D796FB /* 4-inch (iPhone 5) - Screenshot 3.jpg */ = {isa = PBXFileReference; lastKnownFileType = image.jpeg; path = "4-inch (iPhone 5) - Screenshot 3.jpg"; sourceTree = "<group>"; };
		27A446B01BDCCF9C00D796FB /* 4.7-inch (iPhone 6) - Screenshot 1.jpg */ = {isa = PBXFileReference; lastKnownFileType = image.jpeg; path = "4.7-inch (iPhone 6) - Screenshot 1.jpg"; sourceTree = "<group>"; };
		27A446B11BDCCF9C00D796FB /* 4.7-inch (iPhone 6) - Screenshot 2.jpg */ = {isa = PBXFileReference; lastKnownFileType = image.jpeg; path = "4.7-inch (iPhone 6) - Screenshot 2.jpg"; sourceTree = "<group>"; };
		27A446B21BDCCF9C00D796FB /* 4.7-inch (iPhone 6) - Screenshot 3.jpg */ = {isa = PBXFileReference; lastKnownFileType = image.jpeg; path = "4.7-inch (iPhone 6) - Screenshot 3.jpg"; sourceTree = "<group>"; };
		27A446B31BDCCF9C00D796FB /* 5.5-inch (iPhone 6+) - Screenshot 1.jpg */ = {isa = PBXFileReference; lastKnownFileType = image.jpeg; path = "5.5-inch (iPhone 6+) - Screenshot 1.jpg"; sourceTree = "<group>"; };
		27A446B41BDCCF9C00D796FB /* 5.5-inch (iPhone 6+) - Screenshot 2.jpg */ = {isa = PBXFileReference; lastKnownFileType = image.jpeg; path = "5.5-inch (iPhone 6+) - Screenshot 2.jpg"; sourceTree = "<group>"; };
		27A446B51BDCCF9C00D796FB /* 5.5-inch (iPhone 6+) - Screenshot 3.jpg */ = {isa = PBXFileReference; lastKnownFileType = image.jpeg; path = "5.5-inch (iPhone 6+) - Screenshot 3.jpg"; sourceTree = "<group>"; };
		27A446B61BDCCF9C00D796FB /* 9.7-inch (iPad) - Screenshot 1.jpg */ = {isa = PBXFileReference; lastKnownFileType = image.jpeg; path = "9.7-inch (iPad) - Screenshot 1.jpg"; sourceTree = "<group>"; };
		27A446B71BDCCF9D00D796FB /* 9.7-inch (iPad) - Screenshot 2.jpg */ = {isa = PBXFileReference; lastKnownFileType = image.jpeg; path = "9.7-inch (iPad) - Screenshot 2.jpg"; sourceTree = "<group>"; };
		27A446B81BDCCF9D00D796FB /* 9.7-inch (iPad) - Screenshot 3.jpg */ = {isa = PBXFileReference; lastKnownFileType = image.jpeg; path = "9.7-inch (iPad) - Screenshot 3.jpg"; sourceTree = "<group>"; };
		27B946F91C51434300298923 /* FriendViewController.h */ = {isa = PBXFileReference; fileEncoding = 4; lastKnownFileType = sourcecode.c.h; path = FriendViewController.h; sourceTree = "<group>"; };
		27B946FA1C51434300298923 /* FriendViewController.m */ = {isa = PBXFileReference; fileEncoding = 4; lastKnownFileType = sourcecode.c.objc; path = FriendViewController.m; sourceTree = "<group>"; };
		27B946FF1C520DEE00298923 /* FriendTableViewCell.h */ = {isa = PBXFileReference; fileEncoding = 4; lastKnownFileType = sourcecode.c.h; path = FriendTableViewCell.h; sourceTree = "<group>"; };
		27B947001C520DEE00298923 /* FriendTableViewCell.m */ = {isa = PBXFileReference; fileEncoding = 4; lastKnownFileType = sourcecode.c.objc; path = FriendTableViewCell.m; sourceTree = "<group>"; };
		27D110FC1B73359C003D3F8E /* CustomRFToolbarButton.h */ = {isa = PBXFileReference; fileEncoding = 4; lastKnownFileType = sourcecode.c.h; path = CustomRFToolbarButton.h; sourceTree = "<group>"; };
		27D110FD1B73359C003D3F8E /* CustomRFToolbarButton.m */ = {isa = PBXFileReference; fileEncoding = 4; lastKnownFileType = sourcecode.c.objc; path = CustomRFToolbarButton.m; sourceTree = "<group>"; };
		27D111021B734701003D3F8E /* PhotoAllTableViewCell.h */ = {isa = PBXFileReference; fileEncoding = 4; lastKnownFileType = sourcecode.c.h; path = PhotoAllTableViewCell.h; sourceTree = "<group>"; };
		27D111031B734701003D3F8E /* PhotoAllTableViewCell.m */ = {isa = PBXFileReference; fileEncoding = 4; lastKnownFileType = sourcecode.c.objc; path = PhotoAllTableViewCell.m; sourceTree = "<group>"; };
		27D111081B73BE1F003D3F8E /* PdfViewController.h */ = {isa = PBXFileReference; fileEncoding = 4; lastKnownFileType = sourcecode.c.h; path = PdfViewController.h; sourceTree = "<group>"; };
		27D111091B73BE1F003D3F8E /* PdfViewController.m */ = {isa = PBXFileReference; fileEncoding = 4; lastKnownFileType = sourcecode.c.objc; path = PdfViewController.m; sourceTree = "<group>"; };
		27D111171B749EF3003D3F8E /* AboutViewController.h */ = {isa = PBXFileReference; fileEncoding = 4; lastKnownFileType = sourcecode.c.h; path = AboutViewController.h; sourceTree = "<group>"; };
		27D111181B749EF3003D3F8E /* AboutViewController.m */ = {isa = PBXFileReference; fileEncoding = 4; lastKnownFileType = sourcecode.c.objc; path = AboutViewController.m; sourceTree = "<group>"; };
		27D111201B74B107003D3F8E /* MarkViewController.h */ = {isa = PBXFileReference; fileEncoding = 4; lastKnownFileType = sourcecode.c.h; path = MarkViewController.h; sourceTree = "<group>"; };
		27D111211B74B107003D3F8E /* MarkViewController.m */ = {isa = PBXFileReference; fileEncoding = 4; lastKnownFileType = sourcecode.c.objc; path = MarkViewController.m; sourceTree = "<group>"; };
		27D111231B74B544003D3F8E /* License.txt */ = {isa = PBXFileReference; fileEncoding = 4; lastKnownFileType = text; path = License.txt; sourceTree = "<group>"; };
		27D111251B74B616003D3F8E /* markdown.txt */ = {isa = PBXFileReference; fileEncoding = 4; lastKnownFileType = text; path = markdown.txt; sourceTree = "<group>"; };
		27E303AA1C4C03DE007B78DC /* MainViewController.h */ = {isa = PBXFileReference; fileEncoding = 4; lastKnownFileType = sourcecode.c.h; path = MainViewController.h; sourceTree = "<group>"; };
		27E303AB1C4C03DE007B78DC /* MainViewController.m */ = {isa = PBXFileReference; fileEncoding = 4; lastKnownFileType = sourcecode.c.objc; path = MainViewController.m; sourceTree = "<group>"; };
		27E303AD1C4C0692007B78DC /* MenuViewController.h */ = {isa = PBXFileReference; fileEncoding = 4; lastKnownFileType = sourcecode.c.h; path = MenuViewController.h; sourceTree = "<group>"; };
		27E303AE1C4C0692007B78DC /* MenuViewController.m */ = {isa = PBXFileReference; fileEncoding = 4; lastKnownFileType = sourcecode.c.objc; path = MenuViewController.m; sourceTree = "<group>"; };
		27E303B01C4C0CE5007B78DC /* ChatsViewController.h */ = {isa = PBXFileReference; fileEncoding = 4; lastKnownFileType = sourcecode.c.h; path = ChatsViewController.h; sourceTree = "<group>"; };
		27E303B11C4C0CE5007B78DC /* ChatsViewController.m */ = {isa = PBXFileReference; fileEncoding = 4; lastKnownFileType = sourcecode.c.objc; path = ChatsViewController.m; sourceTree = "<group>"; };
		27E303B61C4C116D007B78DC /* BaseViewController.h */ = {isa = PBXFileReference; fileEncoding = 4; lastKnownFileType = sourcecode.c.h; path = BaseViewController.h; sourceTree = "<group>"; };
		27E303B71C4C116D007B78DC /* BaseViewController.m */ = {isa = PBXFileReference; fileEncoding = 4; lastKnownFileType = sourcecode.c.objc; path = BaseViewController.m; sourceTree = "<group>"; };
		27E303B91C4D0F4C007B78DC /* UserViewController.h */ = {isa = PBXFileReference; fileEncoding = 4; lastKnownFileType = sourcecode.c.h; path = UserViewController.h; sourceTree = "<group>"; };
		27E303BA1C4D0F4C007B78DC /* UserViewController.m */ = {isa = PBXFileReference; fileEncoding = 4; lastKnownFileType = sourcecode.c.objc; path = UserViewController.m; sourceTree = "<group>"; };
		27E4FCE11B67A8E5005CE9EB /* AppDelegate.h */ = {isa = PBXFileReference; fileEncoding = 4; lastKnownFileType = sourcecode.c.h; path = AppDelegate.h; sourceTree = "<group>"; };
		27E4FCE21B67A8E5005CE9EB /* AppDelegate.m */ = {isa = PBXFileReference; fileEncoding = 4; lastKnownFileType = sourcecode.c.objc; path = AppDelegate.m; sourceTree = "<group>"; };
		27E4FCF71B67B669005CE9EB /* BOConst.h */ = {isa = PBXFileReference; fileEncoding = 4; lastKnownFileType = sourcecode.c.h; path = BOConst.h; sourceTree = "<group>"; };
		27E4FCF81B67B669005CE9EB /* BOConst.m */ = {isa = PBXFileReference; fileEncoding = 4; lastKnownFileType = sourcecode.c.objc; path = BOConst.m; sourceTree = "<group>"; };
		27E4FCFA1B67E859005CE9EB /* BOUtility.h */ = {isa = PBXFileReference; fileEncoding = 4; lastKnownFileType = sourcecode.c.h; path = BOUtility.h; sourceTree = "<group>"; };
		27E4FCFB1B67E859005CE9EB /* BOUtility.m */ = {isa = PBXFileReference; fileEncoding = 4; lastKnownFileType = sourcecode.c.objc; path = BOUtility.m; sourceTree = "<group>"; };
		27E4FCFD1B67EB63005CE9EB /* ComposeViewController.h */ = {isa = PBXFileReference; fileEncoding = 4; lastKnownFileType = sourcecode.c.h; path = ComposeViewController.h; sourceTree = "<group>"; };
		27E4FCFE1B67EB63005CE9EB /* ComposeViewController.m */ = {isa = PBXFileReference; fileEncoding = 4; lastKnownFileType = sourcecode.c.objc; path = ComposeViewController.m; sourceTree = "<group>"; };
		27E4FD001B67F258005CE9EB /* PreviewViewController.h */ = {isa = PBXFileReference; fileEncoding = 4; lastKnownFileType = sourcecode.c.h; path = PreviewViewController.h; sourceTree = "<group>"; };
		27E4FD011B67F258005CE9EB /* PreviewViewController.m */ = {isa = PBXFileReference; fileEncoding = 4; lastKnownFileType = sourcecode.c.objc; path = PreviewViewController.m; sourceTree = "<group>"; };
		27E4FD031B67F665005CE9EB /* github-markdown.css */ = {isa = PBXFileReference; fileEncoding = 4; lastKnownFileType = text.css; path = "github-markdown.css"; sourceTree = "<group>"; };
		27E4FD081B68D584005CE9EB /* Note.h */ = {isa = PBXFileReference; fileEncoding = 4; lastKnownFileType = sourcecode.c.h; path = Note.h; sourceTree = "<group>"; };
		27E4FD091B68D584005CE9EB /* Note.m */ = {isa = PBXFileReference; fileEncoding = 4; lastKnownFileType = sourcecode.c.objc; path = Note.m; sourceTree = "<group>"; };
		27E4FD0B1B68D785005CE9EB /* NoteManager.h */ = {isa = PBXFileReference; fileEncoding = 4; lastKnownFileType = sourcecode.c.h; path = NoteManager.h; sourceTree = "<group>"; };
		27E4FD0C1B68D785005CE9EB /* NoteManager.m */ = {isa = PBXFileReference; fileEncoding = 4; lastKnownFileType = sourcecode.c.objc; path = NoteManager.m; sourceTree = "<group>"; };
		27E4FD0E1B68F63C005CE9EB /* AllViewController.h */ = {isa = PBXFileReference; fileEncoding = 4; lastKnownFileType = sourcecode.c.h; path = AllViewController.h; sourceTree = "<group>"; };
		27E4FD0F1B68F63C005CE9EB /* AllViewController.m */ = {isa = PBXFileReference; fileEncoding = 4; lastKnownFileType = sourcecode.c.objc; path = AllViewController.m; sourceTree = "<group>"; };
		27ED34F31B67934100C86498 /* Beauteous.app */ = {isa = PBXFileReference; explicitFileType = wrapper.application; includeInIndex = 0; path = Beauteous.app; sourceTree = BUILT_PRODUCTS_DIR; };
		27ED34F71B67934100C86498 /* Info.plist */ = {isa = PBXFileReference; lastKnownFileType = text.plist.xml; path = Info.plist; sourceTree = "<group>"; };
		27ED34F81B67934100C86498 /* main.m */ = {isa = PBXFileReference; lastKnownFileType = sourcecode.c.objc; path = main.m; sourceTree = "<group>"; };
		27ED35031B67934100C86498 /* Images.xcassets */ = {isa = PBXFileReference; lastKnownFileType = folder.assetcatalog; path = Images.xcassets; sourceTree = "<group>"; };
		27ED35061B67934100C86498 /* Base */ = {isa = PBXFileReference; lastKnownFileType = file.xib; name = Base; path = Base.lproj/LaunchScreen.xib; sourceTree = "<group>"; };
		27ED350C1B67934100C86498 /* BeauteousTests.xctest */ = {isa = PBXFileReference; explicitFileType = wrapper.cfbundle; includeInIndex = 0; path = BeauteousTests.xctest; sourceTree = BUILT_PRODUCTS_DIR; };
		27ED35111B67934100C86498 /* Info.plist */ = {isa = PBXFileReference; lastKnownFileType = text.plist.xml; path = Info.plist; sourceTree = "<group>"; };
		982A9DF6E1B2555E393E88B7 /* libPods-BeauteousTests.a */ = {isa = PBXFileReference; explicitFileType = archive.ar; includeInIndex = 0; path = "libPods-BeauteousTests.a"; sourceTree = BUILT_PRODUCTS_DIR; };
		AAC85F12403C4FC4ED2F62B8 /* Pods-BeauteousTests.release.xcconfig */ = {isa = PBXFileReference; includeInIndex = 1; lastKnownFileType = text.xcconfig; name = "Pods-BeauteousTests.release.xcconfig"; path = "Pods/Target Support Files/Pods-BeauteousTests/Pods-BeauteousTests.release.xcconfig"; sourceTree = "<group>"; };
		E2BB7904F5722B3E5D64FA19 /* Pods-BeauteousTests.debug.xcconfig */ = {isa = PBXFileReference; includeInIndex = 1; lastKnownFileType = text.xcconfig; name = "Pods-BeauteousTests.debug.xcconfig"; path = "Pods/Target Support Files/Pods-BeauteousTests/Pods-BeauteousTests.debug.xcconfig"; sourceTree = "<group>"; };
		E2FC7ABED3DAE85467E57A32 /* libPods.a */ = {isa = PBXFileReference; explicitFileType = archive.ar; includeInIndex = 0; path = libPods.a; sourceTree = BUILT_PRODUCTS_DIR; };
		EDE2F2CE3159C0A60854D88F /* Pods.release.xcconfig */ = {isa = PBXFileReference; includeInIndex = 1; lastKnownFileType = text.xcconfig; name = Pods.release.xcconfig; path = "Pods/Target Support Files/Pods/Pods.release.xcconfig"; sourceTree = "<group>"; };
/* End PBXFileReference section */

/* Begin PBXFrameworksBuildPhase section */
		27ED34F01B67934100C86498 /* Frameworks */ = {
			isa = PBXFrameworksBuildPhase;
			buildActionMask = 2147483647;
			files = (
				86409ED818DE99F84F25EF5B /* libPods.a in Frameworks */,
			);
			runOnlyForDeploymentPostprocessing = 0;
		};
		27ED35091B67934100C86498 /* Frameworks */ = {
			isa = PBXFrameworksBuildPhase;
			buildActionMask = 2147483647;
			files = (
				2AC9DFDA13AE7D7636805364 /* libPods-BeauteousTests.a in Frameworks */,
			);
			runOnlyForDeploymentPostprocessing = 0;
		};
/* End PBXFrameworksBuildPhase section */

/* Begin PBXGroup section */
		2718E5C61B70C3C30083D487 /* View */ = {
			isa = PBXGroup;
			children = (
				2718E5C71B70C4050083D487 /* AllTableViewCell.h */,
				2718E5C81B70C4050083D487 /* AllTableViewCell.m */,
				27D110FC1B73359C003D3F8E /* CustomRFToolbarButton.h */,
				27D110FD1B73359C003D3F8E /* CustomRFToolbarButton.m */,
				27D111021B734701003D3F8E /* PhotoAllTableViewCell.h */,
				27D111031B734701003D3F8E /* PhotoAllTableViewCell.m */,
				27B946FF1C520DEE00298923 /* FriendTableViewCell.h */,
				27B947001C520DEE00298923 /* FriendTableViewCell.m */,
				276764351C53B86500DDADA1 /* ChatPhotoTableViewCell.h */,
				276764361C53B86500DDADA1 /* ChatPhotoTableViewCell.m */,
				276764381C53B87700DDADA1 /* ChatTableViewCell.h */,
				276764391C53B87700DDADA1 /* ChatTableViewCell.m */,
			);
			name = View;
			path = Beauteous/Classes/View;
			sourceTree = SOURCE_ROOT;
		};
		276280A71B75FA2B00A0D831 /* Resources */ = {
			isa = PBXGroup;
			children = (
				27A446A91BDCCF9C00D796FB /* SS */,
				276280FE1B76053400A0D831 /* ScreenShot */,
				276280A81B75FA2B00A0D831 /* icon */,
			);
			path = Resources;
			sourceTree = "<group>";
		};
		276280A81B75FA2B00A0D831 /* icon */ = {
			isa = PBXGroup;
			children = (
				276280B71B75FA2B00A0D831 /* ios */,
				276280CE1B75FA2B00A0D831 /* watchkit */,
			);
			path = icon;
			sourceTree = "<group>";
		};
		276280B71B75FA2B00A0D831 /* ios */ = {
			isa = PBXGroup;
			children = (
				276280B81B75FA2B00A0D831 /* AppIcon.appiconset */,
				276280C41B75FA2B00A0D831 /* Icon-60.png */,
				276280C51B75FA2B00A0D831 /* Icon-72.png */,
				276280C61B75FA2B00A0D831 /* Icon-72@2x.png */,
				276280C71B75FA2B00A0D831 /* Icon-Small-50.png */,
				276280C81B75FA2B00A0D831 /* Icon-Small-50@2x.png */,
				276280C91B75FA2B00A0D831 /* Icon.png */,
				276280CA1B75FA2B00A0D831 /* Icon@2x.png */,
				276280CB1B75FA2B00A0D831 /* iTunesArtwork.png */,
				276280CC1B75FA2B00A0D831 /* iTunesArtwork@2x.png */,
			);
			path = ios;
			sourceTree = "<group>";
		};
		276280B81B75FA2B00A0D831 /* AppIcon.appiconset */ = {
			isa = PBXGroup;
			children = (
				276280BA1B75FA2B00A0D831 /* Icon-40.png */,
				276280BB1B75FA2B00A0D831 /* Icon-40@2x.png */,
				276280BC1B75FA2B00A0D831 /* Icon-40@3x.png */,
				276280BD1B75FA2B00A0D831 /* Icon-60@2x.png */,
				276280BE1B75FA2B00A0D831 /* Icon-60@3x.png */,
				276280BF1B75FA2B00A0D831 /* Icon-76.png */,
				276280C01B75FA2B00A0D831 /* Icon-76@2x.png */,
				276280C11B75FA2B00A0D831 /* Icon-Small.png */,
				276280C21B75FA2B00A0D831 /* Icon-Small@2x.png */,
				276280C31B75FA2B00A0D831 /* Icon-Small@3x.png */,
			);
			path = AppIcon.appiconset;
			sourceTree = "<group>";
		};
		276280CE1B75FA2B00A0D831 /* watchkit */ = {
			isa = PBXGroup;
			children = (
				276280CF1B75FA2B00A0D831 /* AppIcon.appiconset */,
			);
			path = watchkit;
			sourceTree = "<group>";
		};
		276280CF1B75FA2B00A0D831 /* AppIcon.appiconset */ = {
			isa = PBXGroup;
			children = (
				276280D11B75FA2B00A0D831 /* Icon-24@2x.png */,
				276280D21B75FA2B00A0D831 /* Icon-27.5@2x.png */,
				276280D31B75FA2B00A0D831 /* Icon-29@2x.png */,
				276280D41B75FA2B00A0D831 /* Icon-29@3x.png */,
				276280D61B75FA2B00A0D831 /* Icon-44@2x.png */,
				276280D71B75FA2B00A0D831 /* Icon-86@2x.png */,
				276280D81B75FA2B00A0D831 /* Icon-98@2x.png */,
			);
			path = AppIcon.appiconset;
			sourceTree = "<group>";
		};
		276280FE1B76053400A0D831 /* ScreenShot */ = {
			isa = PBXGroup;
			children = (
				276280FF1B76053400A0D831 /* 4s_01.png */,
				276281001B76053400A0D831 /* 4s_02.png */,
				276281011B76053400A0D831 /* 4s_03.png */,
				276281021B76053400A0D831 /* 4s_04.png */,
				276281031B76053400A0D831 /* 5_01.png */,
				276281041B76053400A0D831 /* 5_02.png */,
				276281051B76053400A0D831 /* 5_03.png */,
				276281061B76053400A0D831 /* 5_04.png */,
				276281071B76053400A0D831 /* 6+_01.png */,
				276281081B76053400A0D831 /* 6+_02.png */,
				276281091B76053400A0D831 /* 6+_04.png */,
				2762810A1B76053400A0D831 /* 6+_3.png */,
				2762810B1B76053400A0D831 /* 6_01.png */,
				2762810C1B76053400A0D831 /* 6_02.png */,
				2762810D1B76053400A0D831 /* 6_03.png */,
				2762810E1B76053400A0D831 /* 6_04.png */,
				2762810F1B76053400A0D831 /* iPad.png */,
				27635E4D1B85AE9A003FD8AA /* iPad_01.png */,
				27635E4E1B85AE9A003FD8AA /* iPad_02.png */,
				27635E4F1B85AE9A003FD8AA /* iPad_03.png */,
			);
			path = ScreenShot;
			sourceTree = "<group>";
		};
		27A446A91BDCCF9C00D796FB /* SS */ = {
			isa = PBXGroup;
			children = (
				27A446AA1BDCCF9C00D796FB /* 3.5-inch (iPhone 4) - Screenshot 1.jpg */,
				27A446AB1BDCCF9C00D796FB /* 3.5-inch (iPhone 4) - Screenshot 2.jpg */,
				27A446AC1BDCCF9C00D796FB /* 3.5-inch (iPhone 4) - Screenshot 3.jpg */,
				27A446AD1BDCCF9C00D796FB /* 4-inch (iPhone 5) - Screenshot 1.jpg */,
				27A446AE1BDCCF9C00D796FB /* 4-inch (iPhone 5) - Screenshot 2.jpg */,
				27A446AF1BDCCF9C00D796FB /* 4-inch (iPhone 5) - Screenshot 3.jpg */,
				27A446B01BDCCF9C00D796FB /* 4.7-inch (iPhone 6) - Screenshot 1.jpg */,
				27A446B11BDCCF9C00D796FB /* 4.7-inch (iPhone 6) - Screenshot 2.jpg */,
				27A446B21BDCCF9C00D796FB /* 4.7-inch (iPhone 6) - Screenshot 3.jpg */,
				27A446B31BDCCF9C00D796FB /* 5.5-inch (iPhone 6+) - Screenshot 1.jpg */,
				27A446B41BDCCF9C00D796FB /* 5.5-inch (iPhone 6+) - Screenshot 2.jpg */,
				27A446B51BDCCF9C00D796FB /* 5.5-inch (iPhone 6+) - Screenshot 3.jpg */,
				27A446B61BDCCF9C00D796FB /* 9.7-inch (iPad) - Screenshot 1.jpg */,
				27A446B71BDCCF9D00D796FB /* 9.7-inch (iPad) - Screenshot 2.jpg */,
				27A446B81BDCCF9D00D796FB /* 9.7-inch (iPad) - Screenshot 3.jpg */,
			);
			path = SS;
			sourceTree = "<group>";
		};
		27E303A51C4BF774007B78DC /* Settings */ = {
			isa = PBXGroup;
			children = (
				2718E5C31B70B2360083D487 /* SettingsViewController.h */,
				2718E5C41B70B2360083D487 /* SettingsViewController.m */,
				27D111081B73BE1F003D3F8E /* PdfViewController.h */,
				27D111091B73BE1F003D3F8E /* PdfViewController.m */,
				27D111171B749EF3003D3F8E /* AboutViewController.h */,
				27D111181B749EF3003D3F8E /* AboutViewController.m */,
				27D111201B74B107003D3F8E /* MarkViewController.h */,
				27D111211B74B107003D3F8E /* MarkViewController.m */,
			);
			name = Settings;
			sourceTree = "<group>";
		};
		27E303A61C4BF7A3007B78DC /* Compose */ = {
			isa = PBXGroup;
			children = (
				27E4FCFD1B67EB63005CE9EB /* ComposeViewController.h */,
				27E4FCFE1B67EB63005CE9EB /* ComposeViewController.m */,
				27E4FD001B67F258005CE9EB /* PreviewViewController.h */,
				27E4FD011B67F258005CE9EB /* PreviewViewController.m */,
				2718E5CA1B710DAC0083D487 /* EditViewController.h */,
				2718E5CB1B710DAC0083D487 /* EditViewController.m */,
				2718E5CD1B710E460083D487 /* DetailViewController.h */,
				2718E5CE1B710E460083D487 /* DetailViewController.m */,
			);
			name = Compose;
			sourceTree = "<group>";
		};
		27E303A71C4BF7C4007B78DC /* All */ = {
			isa = PBXGroup;
			children = (
				27E4FD0E1B68F63C005CE9EB /* AllViewController.h */,
				27E4FD0F1B68F63C005CE9EB /* AllViewController.m */,
			);
			name = All;
			sourceTree = "<group>";
		};
		27E303A81C4BF7CE007B78DC /* Starred */ = {
			isa = PBXGroup;
			children = (
				2718E5BD1B70B2190083D487 /* StarredViewController.h */,
				2718E5BE1B70B2190083D487 /* StarredViewController.m */,
			);
			name = Starred;
			sourceTree = "<group>";
		};
		27E303A91C4BF7D8007B78DC /* Trash */ = {
			isa = PBXGroup;
			children = (
				272574301BD4066B001CB44F /* TrashViewController.h */,
				272574311BD4066B001CB44F /* TrashViewController.m */,
			);
			name = Trash;
			sourceTree = "<group>";
		};
		27E303BC1C4DF150007B78DC /* Menu */ = {
			isa = PBXGroup;
			children = (
				27E303AA1C4C03DE007B78DC /* MainViewController.h */,
				27E303AB1C4C03DE007B78DC /* MainViewController.m */,
				27E303AD1C4C0692007B78DC /* MenuViewController.h */,
				27E303AE1C4C0692007B78DC /* MenuViewController.m */,
			);
			name = Menu;
			sourceTree = "<group>";
		};
		27E303BD1C4DF15F007B78DC /* Chat */ = {
			isa = PBXGroup;
			children = (
				27E303B01C4C0CE5007B78DC /* ChatsViewController.h */,
				27E303B11C4C0CE5007B78DC /* ChatsViewController.m */,
				27E303B91C4D0F4C007B78DC /* UserViewController.h */,
				27E303BA1C4D0F4C007B78DC /* UserViewController.m */,
				27B946F91C51434300298923 /* FriendViewController.h */,
				27B946FA1C51434300298923 /* FriendViewController.m */,
			);
			name = Chat;
			sourceTree = "<group>";
		};
		27E4FCDF1B67A8E5005CE9EB /* Classes */ = {
			isa = PBXGroup;
			children = (
				27E4FCF61B67B669005CE9EB /* Helper */,
				27E4FCE01B67A8E5005CE9EB /* Controller */,
				2718E5C61B70C3C30083D487 /* View */,
				27E4FCE51B67A8E5005CE9EB /* Model */,
			);
			path = Classes;
			sourceTree = "<group>";
		};
		27E4FCE01B67A8E5005CE9EB /* Controller */ = {
			isa = PBXGroup;
			children = (
				276764321C53676500DDADA1 /* BaseTextViewController.h */,
				276764331C53676500DDADA1 /* BaseTextViewController.m */,
				27E4FCE11B67A8E5005CE9EB /* AppDelegate.h */,
				27E4FCE21B67A8E5005CE9EB /* AppDelegate.m */,
				27E303A81C4BF7CE007B78DC /* Starred */,
				27E303A61C4BF7A3007B78DC /* Compose */,
				27E303A71C4BF7C4007B78DC /* All */,
				27E303A91C4BF7D8007B78DC /* Trash */,
				27E303A51C4BF774007B78DC /* Settings */,
				27E303BC1C4DF150007B78DC /* Menu */,
				27E303BD1C4DF15F007B78DC /* Chat */,
				27E303B61C4C116D007B78DC /* BaseViewController.h */,
				27E303B71C4C116D007B78DC /* BaseViewController.m */,
			);
			path = Controller;
			sourceTree = "<group>";
		};
		27E4FCE51B67A8E5005CE9EB /* Model */ = {
			isa = PBXGroup;
			children = (
				27E4FD081B68D584005CE9EB /* Note.h */,
				27E4FD091B68D584005CE9EB /* Note.m */,
				27E4FD0B1B68D785005CE9EB /* NoteManager.h */,
				27E4FD0C1B68D785005CE9EB /* NoteManager.m */,
				27635E531B85B259003FD8AA /* BOParseManager.h */,
				27635E541B85B259003FD8AA /* BOParseManager.m */,
			);
			path = Model;
			sourceTree = "<group>";
		};
		27E4FCF61B67B669005CE9EB /* Helper */ = {
			isa = PBXGroup;
			children = (
				27E4FCF71B67B669005CE9EB /* BOConst.h */,
				27E4FCF81B67B669005CE9EB /* BOConst.m */,
				27E4FCFA1B67E859005CE9EB /* BOUtility.h */,
				27E4FCFB1B67E859005CE9EB /* BOUtility.m */,
				27E4FD031B67F665005CE9EB /* github-markdown.css */,
				27D111231B74B544003D3F8E /* License.txt */,
				27D111251B74B616003D3F8E /* markdown.txt */,
			);
			path = Helper;
			sourceTree = "<group>";
		};
		27ED34EA1B67934100C86498 = {
			isa = PBXGroup;
			children = (
				27ED34F51B67934100C86498 /* Beauteous */,
				27ED350F1B67934100C86498 /* BeauteousTests */,
				27ED34F41B67934100C86498 /* Products */,
				4ACF00190261FF0FB82D1DD1 /* Pods */,
				3B079C9F3CA8E4E823A8EFCC /* Frameworks */,
			);
			sourceTree = "<group>";
		};
		27ED34F41B67934100C86498 /* Products */ = {
			isa = PBXGroup;
			children = (
				27ED34F31B67934100C86498 /* Beauteous.app */,
				27ED350C1B67934100C86498 /* BeauteousTests.xctest */,
			);
			name = Products;
			sourceTree = "<group>";
		};
		27ED34F51B67934100C86498 /* Beauteous */ = {
			isa = PBXGroup;
			children = (
				276280A71B75FA2B00A0D831 /* Resources */,
				27E4FCDF1B67A8E5005CE9EB /* Classes */,
				272574331BD41CD3001CB44F /* Main.storyboard */,
				27ED35031B67934100C86498 /* Images.xcassets */,
				27ED35051B67934100C86498 /* LaunchScreen.xib */,
				27ED34F61B67934100C86498 /* Supporting Files */,
			);
			path = Beauteous;
			sourceTree = "<group>";
		};
		27ED34F61B67934100C86498 /* Supporting Files */ = {
			isa = PBXGroup;
			children = (
				27ED34F71B67934100C86498 /* Info.plist */,
				27ED34F81B67934100C86498 /* main.m */,
			);
			name = "Supporting Files";
			sourceTree = "<group>";
		};
		27ED350F1B67934100C86498 /* BeauteousTests */ = {
			isa = PBXGroup;
			children = (
				27ED35101B67934100C86498 /* Supporting Files */,
			);
			path = BeauteousTests;
			sourceTree = "<group>";
		};
		27ED35101B67934100C86498 /* Supporting Files */ = {
			isa = PBXGroup;
			children = (
				27ED35111B67934100C86498 /* Info.plist */,
			);
			name = "Supporting Files";
			sourceTree = "<group>";
		};
		3B079C9F3CA8E4E823A8EFCC /* Frameworks */ = {
			isa = PBXGroup;
			children = (
				E2FC7ABED3DAE85467E57A32 /* libPods.a */,
				982A9DF6E1B2555E393E88B7 /* libPods-BeauteousTests.a */,
			);
			name = Frameworks;
			sourceTree = "<group>";
		};
		4ACF00190261FF0FB82D1DD1 /* Pods */ = {
			isa = PBXGroup;
			children = (
				215CE886FBFF839F6E314373 /* Pods.debug.xcconfig */,
				EDE2F2CE3159C0A60854D88F /* Pods.release.xcconfig */,
				E2BB7904F5722B3E5D64FA19 /* Pods-BeauteousTests.debug.xcconfig */,
				AAC85F12403C4FC4ED2F62B8 /* Pods-BeauteousTests.release.xcconfig */,
			);
			name = Pods;
			sourceTree = "<group>";
		};
/* End PBXGroup section */

/* Begin PBXNativeTarget section */
		27ED34F21B67934100C86498 /* Beauteous */ = {
			isa = PBXNativeTarget;
			buildConfigurationList = 27ED35161B67934100C86498 /* Build configuration list for PBXNativeTarget "Beauteous" */;
			buildPhases = (
				104A337596E10E358E3CF364 /* Check Pods Manifest.lock */,
				27ED34EF1B67934100C86498 /* Sources */,
				27ED34F01B67934100C86498 /* Frameworks */,
				27ED34F11B67934100C86498 /* Resources */,
				95908B48A49DFFDBC66EE4B5 /* Copy Pods Resources */,
				174564F30B117A52A4AF4E11 /* Embed Pods Frameworks */,
			);
			buildRules = (
			);
			dependencies = (
			);
			name = Beauteous;
			productName = Beauteous;
			productReference = 27ED34F31B67934100C86498 /* Beauteous.app */;
			productType = "com.apple.product-type.application";
		};
		27ED350B1B67934100C86498 /* BeauteousTests */ = {
			isa = PBXNativeTarget;
			buildConfigurationList = 27ED35191B67934100C86498 /* Build configuration list for PBXNativeTarget "BeauteousTests" */;
			buildPhases = (
				EE8D284A3CA4653DFA081638 /* Check Pods Manifest.lock */,
				27ED35081B67934100C86498 /* Sources */,
				27ED35091B67934100C86498 /* Frameworks */,
				27ED350A1B67934100C86498 /* Resources */,
				82BCD843E22E25378DE63ADD /* Copy Pods Resources */,
				C4BD7C989163963588BEF07C /* Embed Pods Frameworks */,
			);
			buildRules = (
			);
			dependencies = (
				27ED350E1B67934100C86498 /* PBXTargetDependency */,
			);
			name = BeauteousTests;
			productName = BeauteousTests;
			productReference = 27ED350C1B67934100C86498 /* BeauteousTests.xctest */;
			productType = "com.apple.product-type.bundle.unit-test";
		};
/* End PBXNativeTarget section */

/* Begin PBXProject section */
		27ED34EB1B67934100C86498 /* Project object */ = {
			isa = PBXProject;
			attributes = {
				LastUpgradeCheck = 0700;
				ORGANIZATIONNAME = "Kenichi Saito";
				TargetAttributes = {
					27ED34F21B67934100C86498 = {
						CreatedOnToolsVersion = 6.4;
						DevelopmentTeam = G4S9VFQ7U4;
						SystemCapabilities = {
							com.apple.Push = {
								enabled = 1;
							};
						};
					};
					27ED350B1B67934100C86498 = {
						CreatedOnToolsVersion = 6.4;
						TestTargetID = 27ED34F21B67934100C86498;
					};
				};
			};
			buildConfigurationList = 27ED34EE1B67934100C86498 /* Build configuration list for PBXProject "Beauteous" */;
			compatibilityVersion = "Xcode 3.2";
			developmentRegion = English;
			hasScannedForEncodings = 0;
			knownRegions = (
				en,
				Base,
			);
			mainGroup = 27ED34EA1B67934100C86498;
			productRefGroup = 27ED34F41B67934100C86498 /* Products */;
			projectDirPath = "";
			projectRoot = "";
			targets = (
				27ED34F21B67934100C86498 /* Beauteous */,
				27ED350B1B67934100C86498 /* BeauteousTests */,
			);
		};
/* End PBXProject section */

/* Begin PBXResourcesBuildPhase section */
		27ED34F11B67934100C86498 /* Resources */ = {
			isa = PBXResourcesBuildPhase;
			buildActionMask = 2147483647;
			files = (
				27A446C01BDCCF9D00D796FB /* 4.7-inch (iPhone 6) - Screenshot 2.jpg in Resources */,
				276281151B76053400A0D831 /* 5_02.png in Resources */,
				276280E51B75FA2B00A0D831 /* Icon-60@3x.png in Resources */,
				276281161B76053400A0D831 /* 5_03.png in Resources */,
				2762811E1B76053400A0D831 /* 6_03.png in Resources */,
				27A446C11BDCCF9D00D796FB /* 4.7-inch (iPhone 6) - Screenshot 3.jpg in Resources */,
				276281171B76053400A0D831 /* 5_04.png in Resources */,
				276280EE1B75FA2B00A0D831 /* Icon-Small-50.png in Resources */,
				276281131B76053400A0D831 /* 4s_04.png in Resources */,
				272574351BD41CD3001CB44F /* Main.storyboard in Resources */,
				276280F71B75FA2B00A0D831 /* Icon-27.5@2x.png in Resources */,
				276280ED1B75FA2B00A0D831 /* Icon-72@2x.png in Resources */,
				276280F81B75FA2B00A0D831 /* Icon-29@2x.png in Resources */,
				27A446BC1BDCCF9D00D796FB /* 4-inch (iPhone 5) - Screenshot 1.jpg in Resources */,
				27E4FD041B67F665005CE9EB /* github-markdown.css in Resources */,
				27635E511B85AE9A003FD8AA /* iPad_02.png in Resources */,
				27A446B91BDCCF9D00D796FB /* 3.5-inch (iPhone 4) - Screenshot 1.jpg in Resources */,
				276280F21B75FA2B00A0D831 /* iTunesArtwork.png in Resources */,
				276281141B76053400A0D831 /* 5_01.png in Resources */,
				276280F11B75FA2B00A0D831 /* Icon@2x.png in Resources */,
				2762811F1B76053400A0D831 /* 6_04.png in Resources */,
				276280E71B75FA2B00A0D831 /* Icon-76@2x.png in Resources */,
				27A446C71BDCCF9D00D796FB /* 9.7-inch (iPad) - Screenshot 3.jpg in Resources */,
				27A446BD1BDCCF9D00D796FB /* 4-inch (iPhone 5) - Screenshot 2.jpg in Resources */,
				27A446BE1BDCCF9D00D796FB /* 4-inch (iPhone 5) - Screenshot 3.jpg in Resources */,
				27A446C61BDCCF9D00D796FB /* 9.7-inch (iPad) - Screenshot 2.jpg in Resources */,
				27A446C21BDCCF9D00D796FB /* 5.5-inch (iPhone 6+) - Screenshot 1.jpg in Resources */,
				27ED35071B67934100C86498 /* LaunchScreen.xib in Resources */,
				276280EA1B75FA2B00A0D831 /* Icon-Small@3x.png in Resources */,
				276281121B76053400A0D831 /* 4s_03.png in Resources */,
				276280EF1B75FA2B00A0D831 /* Icon-Small-50@2x.png in Resources */,
				27D111261B74B616003D3F8E /* markdown.txt in Resources */,
				27A446BB1BDCCF9D00D796FB /* 3.5-inch (iPhone 4) - Screenshot 3.jpg in Resources */,
				276281111B76053400A0D831 /* 4s_02.png in Resources */,
				276280F31B75FA2B00A0D831 /* iTunesArtwork@2x.png in Resources */,
				276280E41B75FA2B00A0D831 /* Icon-60@2x.png in Resources */,
				2762811A1B76053400A0D831 /* 6+_04.png in Resources */,
				276280F01B75FA2B00A0D831 /* Icon.png in Resources */,
				276280EC1B75FA2B00A0D831 /* Icon-72.png in Resources */,
				2762811B1B76053400A0D831 /* 6+_3.png in Resources */,
				27635E521B85AE9A003FD8AA /* iPad_03.png in Resources */,
				276281191B76053400A0D831 /* 6+_02.png in Resources */,
				27635E501B85AE9A003FD8AA /* iPad_01.png in Resources */,
				276281201B76053400A0D831 /* iPad.png in Resources */,
				276280E21B75FA2B00A0D831 /* Icon-40@2x.png in Resources */,
				276280EB1B75FA2B00A0D831 /* Icon-60.png in Resources */,
				276281101B76053400A0D831 /* 4s_01.png in Resources */,
				276281181B76053400A0D831 /* 6+_01.png in Resources */,
				276280E31B75FA2B00A0D831 /* Icon-40@3x.png in Resources */,
				27ED35041B67934100C86498 /* Images.xcassets in Resources */,
				27A446C41BDCCF9D00D796FB /* 5.5-inch (iPhone 6+) - Screenshot 3.jpg in Resources */,
				276280FB1B75FA2B00A0D831 /* Icon-44@2x.png in Resources */,
				276280F61B75FA2B00A0D831 /* Icon-24@2x.png in Resources */,
				276280E81B75FA2B00A0D831 /* Icon-Small.png in Resources */,
				276280E91B75FA2B00A0D831 /* Icon-Small@2x.png in Resources */,
				27A446BF1BDCCF9D00D796FB /* 4.7-inch (iPhone 6) - Screenshot 1.jpg in Resources */,
				27A446C31BDCCF9D00D796FB /* 5.5-inch (iPhone 6+) - Screenshot 2.jpg in Resources */,
				276280FC1B75FA2B00A0D831 /* Icon-86@2x.png in Resources */,
				27D111241B74B544003D3F8E /* License.txt in Resources */,
				2762811C1B76053400A0D831 /* 6_01.png in Resources */,
				2762811D1B76053400A0D831 /* 6_02.png in Resources */,
				276280E61B75FA2B00A0D831 /* Icon-76.png in Resources */,
				276280F91B75FA2B00A0D831 /* Icon-29@3x.png in Resources */,
				276280FD1B75FA2B00A0D831 /* Icon-98@2x.png in Resources */,
				276280E11B75FA2B00A0D831 /* Icon-40.png in Resources */,
				27A446BA1BDCCF9D00D796FB /* 3.5-inch (iPhone 4) - Screenshot 2.jpg in Resources */,
				27A446C51BDCCF9D00D796FB /* 9.7-inch (iPad) - Screenshot 1.jpg in Resources */,
			);
			runOnlyForDeploymentPostprocessing = 0;
		};
		27ED350A1B67934100C86498 /* Resources */ = {
			isa = PBXResourcesBuildPhase;
			buildActionMask = 2147483647;
			files = (
			);
			runOnlyForDeploymentPostprocessing = 0;
		};
/* End PBXResourcesBuildPhase section */

/* Begin PBXShellScriptBuildPhase section */
		104A337596E10E358E3CF364 /* Check Pods Manifest.lock */ = {
			isa = PBXShellScriptBuildPhase;
			buildActionMask = 2147483647;
			files = (
			);
			inputPaths = (
			);
			name = "Check Pods Manifest.lock";
			outputPaths = (
			);
			runOnlyForDeploymentPostprocessing = 0;
			shellPath = /bin/sh;
			shellScript = "diff \"${PODS_ROOT}/../Podfile.lock\" \"${PODS_ROOT}/Manifest.lock\" > /dev/null\nif [[ $? != 0 ]] ; then\n    cat << EOM\nerror: The sandbox is not in sync with the Podfile.lock. Run 'pod install' or update your CocoaPods installation.\nEOM\n    exit 1\nfi\n";
			showEnvVarsInLog = 0;
		};
		174564F30B117A52A4AF4E11 /* Embed Pods Frameworks */ = {
			isa = PBXShellScriptBuildPhase;
			buildActionMask = 2147483647;
			files = (
			);
			inputPaths = (
			);
			name = "Embed Pods Frameworks";
			outputPaths = (
			);
			runOnlyForDeploymentPostprocessing = 0;
			shellPath = /bin/sh;
			shellScript = "\"${SRCROOT}/Pods/Target Support Files/Pods/Pods-frameworks.sh\"\n";
			showEnvVarsInLog = 0;
		};
		82BCD843E22E25378DE63ADD /* Copy Pods Resources */ = {
			isa = PBXShellScriptBuildPhase;
			buildActionMask = 2147483647;
			files = (
			);
			inputPaths = (
			);
			name = "Copy Pods Resources";
			outputPaths = (
			);
			runOnlyForDeploymentPostprocessing = 0;
			shellPath = /bin/sh;
			shellScript = "\"${SRCROOT}/Pods/Target Support Files/Pods-BeauteousTests/Pods-BeauteousTests-resources.sh\"\n";
			showEnvVarsInLog = 0;
		};
		95908B48A49DFFDBC66EE4B5 /* Copy Pods Resources */ = {
			isa = PBXShellScriptBuildPhase;
			buildActionMask = 2147483647;
			files = (
			);
			inputPaths = (
			);
			name = "Copy Pods Resources";
			outputPaths = (
			);
			runOnlyForDeploymentPostprocessing = 0;
			shellPath = /bin/sh;
			shellScript = "\"${SRCROOT}/Pods/Target Support Files/Pods/Pods-resources.sh\"\n";
			showEnvVarsInLog = 0;
		};
		C4BD7C989163963588BEF07C /* Embed Pods Frameworks */ = {
			isa = PBXShellScriptBuildPhase;
			buildActionMask = 2147483647;
			files = (
			);
			inputPaths = (
			);
			name = "Embed Pods Frameworks";
			outputPaths = (
			);
			runOnlyForDeploymentPostprocessing = 0;
			shellPath = /bin/sh;
			shellScript = "\"${SRCROOT}/Pods/Target Support Files/Pods-BeauteousTests/Pods-BeauteousTests-frameworks.sh\"\n";
			showEnvVarsInLog = 0;
		};
		EE8D284A3CA4653DFA081638 /* Check Pods Manifest.lock */ = {
			isa = PBXShellScriptBuildPhase;
			buildActionMask = 2147483647;
			files = (
			);
			inputPaths = (
			);
			name = "Check Pods Manifest.lock";
			outputPaths = (
			);
			runOnlyForDeploymentPostprocessing = 0;
			shellPath = /bin/sh;
			shellScript = "diff \"${PODS_ROOT}/../Podfile.lock\" \"${PODS_ROOT}/Manifest.lock\" > /dev/null\nif [[ $? != 0 ]] ; then\n    cat << EOM\nerror: The sandbox is not in sync with the Podfile.lock. Run 'pod install' or update your CocoaPods installation.\nEOM\n    exit 1\nfi\n";
			showEnvVarsInLog = 0;
		};
/* End PBXShellScriptBuildPhase section */

/* Begin PBXSourcesBuildPhase section */
		27ED34EF1B67934100C86498 /* Sources */ = {
			isa = PBXSourcesBuildPhase;
			buildActionMask = 2147483647;
			files = (
				27E4FD0D1B68D785005CE9EB /* NoteManager.m in Sources */,
				27B947011C520DEE00298923 /* FriendTableViewCell.m in Sources */,
				27D111041B734701003D3F8E /* PhotoAllTableViewCell.m in Sources */,
				27D111221B74B107003D3F8E /* MarkViewController.m in Sources */,
				2718E5CF1B710E460083D487 /* DetailViewController.m in Sources */,
				276764341C53676500DDADA1 /* BaseTextViewController.m in Sources */,
				276764371C53B86500DDADA1 /* ChatPhotoTableViewCell.m in Sources */,
				27B946FB1C51434300298923 /* FriendViewController.m in Sources */,
				27E303BB1C4D0F4C007B78DC /* UserViewController.m in Sources */,
				27E4FCE71B67A8E5005CE9EB /* AppDelegate.m in Sources */,
				2718E5CC1B710DAC0083D487 /* EditViewController.m in Sources */,
				27635E551B85B259003FD8AA /* BOParseManager.m in Sources */,
				27D111191B749EF3003D3F8E /* AboutViewController.m in Sources */,
				27E4FCF91B67B669005CE9EB /* BOConst.m in Sources */,
				27ED34F91B67934100C86498 /* main.m in Sources */,
				27D110FE1B73359C003D3F8E /* CustomRFToolbarButton.m in Sources */,
				27E303B81C4C116D007B78DC /* BaseViewController.m in Sources */,
				27E303AC1C4C03DE007B78DC /* MainViewController.m in Sources */,
				2767643A1C53B87700DDADA1 /* ChatTableViewCell.m in Sources */,
				27E4FD021B67F258005CE9EB /* PreviewViewController.m in Sources */,
				2718E5C91B70C4050083D487 /* AllTableViewCell.m in Sources */,
				27E4FCFC1B67E859005CE9EB /* BOUtility.m in Sources */,
				27E4FCFF1B67EB63005CE9EB /* ComposeViewController.m in Sources */,
				272574321BD4066B001CB44F /* TrashViewController.m in Sources */,
				27E4FD0A1B68D584005CE9EB /* Note.m in Sources */,
				27E303B21C4C0CE5007B78DC /* ChatsViewController.m in Sources */,
				2718E5BF1B70B2190083D487 /* StarredViewController.m in Sources */,
				27D1110A1B73BE1F003D3F8E /* PdfViewController.m in Sources */,
				27E4FD101B68F63C005CE9EB /* AllViewController.m in Sources */,
				27E303AF1C4C0692007B78DC /* MenuViewController.m in Sources */,
				2718E5C51B70B2360083D487 /* SettingsViewController.m in Sources */,
			);
			runOnlyForDeploymentPostprocessing = 0;
		};
		27ED35081B67934100C86498 /* Sources */ = {
			isa = PBXSourcesBuildPhase;
			buildActionMask = 2147483647;
			files = (
			);
			runOnlyForDeploymentPostprocessing = 0;
		};
/* End PBXSourcesBuildPhase section */

/* Begin PBXTargetDependency section */
		27ED350E1B67934100C86498 /* PBXTargetDependency */ = {
			isa = PBXTargetDependency;
			target = 27ED34F21B67934100C86498 /* Beauteous */;
			targetProxy = 27ED350D1B67934100C86498 /* PBXContainerItemProxy */;
		};
/* End PBXTargetDependency section */

/* Begin PBXVariantGroup section */
		272574331BD41CD3001CB44F /* Main.storyboard */ = {
			isa = PBXVariantGroup;
			children = (
				272574341BD41CD3001CB44F /* Base */,
			);
			name = Main.storyboard;
			sourceTree = "<group>";
		};
		27ED35051B67934100C86498 /* LaunchScreen.xib */ = {
			isa = PBXVariantGroup;
			children = (
				27ED35061B67934100C86498 /* Base */,
			);
			name = LaunchScreen.xib;
			sourceTree = "<group>";
		};
/* End PBXVariantGroup section */

/* Begin XCBuildConfiguration section */
		27ED35141B67934100C86498 /* Debug */ = {
			isa = XCBuildConfiguration;
			buildSettings = {
				ALWAYS_SEARCH_USER_PATHS = NO;
				CLANG_CXX_LANGUAGE_STANDARD = "gnu++0x";
				CLANG_CXX_LIBRARY = "libc++";
				CLANG_ENABLE_MODULES = YES;
				CLANG_ENABLE_OBJC_ARC = YES;
				CLANG_WARN_BOOL_CONVERSION = YES;
				CLANG_WARN_CONSTANT_CONVERSION = YES;
				CLANG_WARN_DIRECT_OBJC_ISA_USAGE = YES_ERROR;
				CLANG_WARN_EMPTY_BODY = YES;
				CLANG_WARN_ENUM_CONVERSION = YES;
				CLANG_WARN_INT_CONVERSION = YES;
				CLANG_WARN_OBJC_ROOT_CLASS = YES_ERROR;
				CLANG_WARN_UNREACHABLE_CODE = YES;
				CLANG_WARN__DUPLICATE_METHOD_MATCH = YES;
				"CODE_SIGN_IDENTITY[sdk=iphoneos*]" = "iPhone Developer";
				COPY_PHASE_STRIP = NO;
				DEBUG_INFORMATION_FORMAT = "dwarf-with-dsym";
				ENABLE_STRICT_OBJC_MSGSEND = YES;
				ENABLE_TESTABILITY = YES;
				GCC_C_LANGUAGE_STANDARD = gnu99;
				GCC_DYNAMIC_NO_PIC = NO;
				GCC_NO_COMMON_BLOCKS = YES;
				GCC_OPTIMIZATION_LEVEL = 0;
				GCC_PREPROCESSOR_DEFINITIONS = (
					"DEBUG=1",
					"$(inherited)",
				);
				GCC_SYMBOLS_PRIVATE_EXTERN = NO;
				GCC_WARN_64_TO_32_BIT_CONVERSION = YES;
				GCC_WARN_ABOUT_RETURN_TYPE = YES_ERROR;
				GCC_WARN_UNDECLARED_SELECTOR = YES;
				GCC_WARN_UNINITIALIZED_AUTOS = YES_AGGRESSIVE;
				GCC_WARN_UNUSED_FUNCTION = YES;
				GCC_WARN_UNUSED_VARIABLE = YES;
				IPHONEOS_DEPLOYMENT_TARGET = 8.4;
				MTL_ENABLE_DEBUG_INFO = YES;
				ONLY_ACTIVE_ARCH = YES;
				SDKROOT = iphoneos;
			};
			name = Debug;
		};
		27ED35151B67934100C86498 /* Release */ = {
			isa = XCBuildConfiguration;
			buildSettings = {
				ALWAYS_SEARCH_USER_PATHS = NO;
				CLANG_CXX_LANGUAGE_STANDARD = "gnu++0x";
				CLANG_CXX_LIBRARY = "libc++";
				CLANG_ENABLE_MODULES = YES;
				CLANG_ENABLE_OBJC_ARC = YES;
				CLANG_WARN_BOOL_CONVERSION = YES;
				CLANG_WARN_CONSTANT_CONVERSION = YES;
				CLANG_WARN_DIRECT_OBJC_ISA_USAGE = YES_ERROR;
				CLANG_WARN_EMPTY_BODY = YES;
				CLANG_WARN_ENUM_CONVERSION = YES;
				CLANG_WARN_INT_CONVERSION = YES;
				CLANG_WARN_OBJC_ROOT_CLASS = YES_ERROR;
				CLANG_WARN_UNREACHABLE_CODE = YES;
				CLANG_WARN__DUPLICATE_METHOD_MATCH = YES;
				"CODE_SIGN_IDENTITY[sdk=iphoneos*]" = "iPhone Developer";
				COPY_PHASE_STRIP = NO;
				DEBUG_INFORMATION_FORMAT = "dwarf-with-dsym";
				ENABLE_NS_ASSERTIONS = NO;
				ENABLE_STRICT_OBJC_MSGSEND = YES;
				GCC_C_LANGUAGE_STANDARD = gnu99;
				GCC_NO_COMMON_BLOCKS = YES;
				GCC_WARN_64_TO_32_BIT_CONVERSION = YES;
				GCC_WARN_ABOUT_RETURN_TYPE = YES_ERROR;
				GCC_WARN_UNDECLARED_SELECTOR = YES;
				GCC_WARN_UNINITIALIZED_AUTOS = YES_AGGRESSIVE;
				GCC_WARN_UNUSED_FUNCTION = YES;
				GCC_WARN_UNUSED_VARIABLE = YES;
				IPHONEOS_DEPLOYMENT_TARGET = 8.4;
				MTL_ENABLE_DEBUG_INFO = NO;
				SDKROOT = iphoneos;
				VALIDATE_PRODUCT = YES;
			};
			name = Release;
		};
		27ED35171B67934100C86498 /* Debug */ = {
			isa = XCBuildConfiguration;
			baseConfigurationReference = 215CE886FBFF839F6E314373 /* Pods.debug.xcconfig */;
			buildSettings = {
				ASSETCATALOG_COMPILER_APPICON_NAME = AppIcon;
				CODE_SIGN_IDENTITY = "iPhone Developer";
				"CODE_SIGN_IDENTITY[sdk=iphoneos*]" = "iPhone Developer";
				INFOPLIST_FILE = Beauteous/Info.plist;
				IPHONEOS_DEPLOYMENT_TARGET = 8.4;
				LD_RUNPATH_SEARCH_PATHS = "$(inherited) @executable_path/Frameworks";
				PRODUCT_BUNDLE_IDENTIFIER = "com.knchst.$(PRODUCT_NAME:rfc1034identifier)";
				PRODUCT_NAME = "$(TARGET_NAME)";
				PROVISIONING_PROFILE = "";
				TARGETED_DEVICE_FAMILY = "1,2";
			};
			name = Debug;
		};
		27ED35181B67934100C86498 /* Release */ = {
			isa = XCBuildConfiguration;
			baseConfigurationReference = EDE2F2CE3159C0A60854D88F /* Pods.release.xcconfig */;
			buildSettings = {
				ASSETCATALOG_COMPILER_APPICON_NAME = AppIcon;
				CODE_SIGN_IDENTITY = "iPhone Developer";
				"CODE_SIGN_IDENTITY[sdk=iphoneos*]" = "iPhone Developer";
				INFOPLIST_FILE = Beauteous/Info.plist;
				IPHONEOS_DEPLOYMENT_TARGET = 8.4;
				LD_RUNPATH_SEARCH_PATHS = "$(inherited) @executable_path/Frameworks";
				PRODUCT_BUNDLE_IDENTIFIER = "com.knchst.$(PRODUCT_NAME:rfc1034identifier)";
				PRODUCT_NAME = "$(TARGET_NAME)";
				PROVISIONING_PROFILE = "";
				TARGETED_DEVICE_FAMILY = "1,2";
			};
			name = Release;
		};
		27ED351A1B67934100C86498 /* Debug */ = {
			isa = XCBuildConfiguration;
			baseConfigurationReference = E2BB7904F5722B3E5D64FA19 /* Pods-BeauteousTests.debug.xcconfig */;
			buildSettings = {
				BUNDLE_LOADER = "$(TEST_HOST)";
				FRAMEWORK_SEARCH_PATHS = (
					"$(SDKROOT)/Developer/Library/Frameworks",
					"$(inherited)",
				);
				GCC_PREPROCESSOR_DEFINITIONS = (
					"DEBUG=1",
					"$(inherited)",
				);
				INFOPLIST_FILE = BeauteousTests/Info.plist;
				LD_RUNPATH_SEARCH_PATHS = "$(inherited) @executable_path/Frameworks @loader_path/Frameworks";
				PRODUCT_BUNDLE_IDENTIFIER = "com.knchst.$(PRODUCT_NAME:rfc1034identifier)";
				PRODUCT_NAME = "$(TARGET_NAME)";
				TEST_HOST = "$(BUILT_PRODUCTS_DIR)/Beauteous.app/Beauteous";
			};
			name = Debug;
		};
		27ED351B1B67934100C86498 /* Release */ = {
			isa = XCBuildConfiguration;
			baseConfigurationReference = AAC85F12403C4FC4ED2F62B8 /* Pods-BeauteousTests.release.xcconfig */;
			buildSettings = {
				BUNDLE_LOADER = "$(TEST_HOST)";
				FRAMEWORK_SEARCH_PATHS = (
					"$(SDKROOT)/Developer/Library/Frameworks",
					"$(inherited)",
				);
				INFOPLIST_FILE = BeauteousTests/Info.plist;
				LD_RUNPATH_SEARCH_PATHS = "$(inherited) @executable_path/Frameworks @loader_path/Frameworks";
				PRODUCT_BUNDLE_IDENTIFIER = "com.knchst.$(PRODUCT_NAME:rfc1034identifier)";
				PRODUCT_NAME = "$(TARGET_NAME)";
				TEST_HOST = "$(BUILT_PRODUCTS_DIR)/Beauteous.app/Beauteous";
			};
			name = Release;
		};
/* End XCBuildConfiguration section */

/* Begin XCConfigurationList section */
		27ED34EE1B67934100C86498 /* Build configuration list for PBXProject "Beauteous" */ = {
			isa = XCConfigurationList;
			buildConfigurations = (
				27ED35141B67934100C86498 /* Debug */,
				27ED35151B67934100C86498 /* Release */,
			);
			defaultConfigurationIsVisible = 0;
			defaultConfigurationName = Release;
		};
		27ED35161B67934100C86498 /* Build configuration list for PBXNativeTarget "Beauteous" */ = {
			isa = XCConfigurationList;
			buildConfigurations = (
				27ED35171B67934100C86498 /* Debug */,
				27ED35181B67934100C86498 /* Release */,
			);
			defaultConfigurationIsVisible = 0;
			defaultConfigurationName = Release;
		};
		27ED35191B67934100C86498 /* Build configuration list for PBXNativeTarget "BeauteousTests" */ = {
			isa = XCConfigurationList;
			buildConfigurations = (
				27ED351A1B67934100C86498 /* Debug */,
				27ED351B1B67934100C86498 /* Release */,
			);
			defaultConfigurationIsVisible = 0;
			defaultConfigurationName = Release;
		};
/* End XCConfigurationList section */
	};
	rootObject = 27ED34EB1B67934100C86498 /* Project object */;
}
